
Microsoft Visual Studio Solution File, Format Version 12.00
# Visual Studio 15
VisualStudioVersion = 15.0.27004.2009
MinimumVisualStudioVersion = 10.0.40219.1
Project("{9A19103F-16F7-4668-BE54-9A1E7A4F7556}") = "Model", "Model\Model.csproj", "{787E1345-6F76-40EB-94F7-CF67693F7FF4}"
EndProject
Project("{9A19103F-16F7-4668-BE54-9A1E7A4F7556}") = "Model.Test", "Model.Test\Model.Test.csproj", "{3AD85B21-43FB-4610-8ECC-13C9DA72507D}"
EndProject
Project("{9A19103F-16F7-4668-BE54-9A1E7A4F7556}") = "Entities", "Entities\Entities.csproj", "{4F093021-6FD5-4CB3-BFA8-00DA85E6653E}"
EndProject
Project("{9A19103F-16F7-4668-BE54-9A1E7A4F7556}") = "Exceptions", "Exceptions\Exceptions.csproj", "{7B13FBB0-C2BD-433C-A3E7-719F001E0A95}"
EndProject
Project("{9A19103F-16F7-4668-BE54-9A1E7A4F7556}") = "Gorilla.Test", "WebApi.Test\Gorilla.Test.csproj", "{51EF3962-4277-4F56-9BEB-AE7FEED6758C}"
EndProject
Project("{9A19103F-16F7-4668-BE54-9A1E7A4F7556}") = "Gorilla", "Gorilla\Gorilla.csproj", "{3D7029D6-A4ED-4163-9C48-027D58C2475C}"
EndProject
Project("{FAE04EC0-301F-11D3-BF4B-00C04F79EFBC}") = "UI", "UITEST\UI.csproj", "{E1BD4360-1F27-4E2D-AA3C-655467FCE5F0}"
EndProject
Project("{FAE04EC0-301F-11D3-BF4B-00C04F79EFBC}") = "Subreddit.Entities", "Subreddit.Entities\Subreddit.Entities.csproj", "{C8D48F05-3243-4183-BB9F-4C5BB79D01D0}"
EndProject
Project("{9A19103F-16F7-4668-BE54-9A1E7A4F7556}") = "WepApplication", "WebApplication2\WepApplication.csproj", "{C21EA8EB-5936-4602-800E-932E62AF56C2}"
EndProject
Project("{9A19103F-16F7-4668-BE54-9A1E7A4F7556}") = "WepApplication.Test", "WepApplication.Test\WepApplication.Test.csproj", "{C2927AB8-7313-4823-8727-52F2B96B90D4}"
EndProject
Project("{FAE04EC0-301F-11D3-BF4B-00C04F79EFBC}") = "UI.Test", "UI.Test\UI.Test.csproj", "{D603C51D-547A-4C33-B882-063A404653A4}"
EndProject
Project("{FAE04EC0-301F-11D3-BF4B-00C04F79EFBC}") = "UI.Lib", "UI.Lib\UI.Lib.csproj", "{13C8BAA3-0A80-4F15-A66C-2CE8C940D647}"
EndProject
Global
	GlobalSection(SolutionConfigurationPlatforms) = preSolution
		Debug|Any CPU = Debug|Any CPU
		Debug|ARM = Debug|ARM
		Debug|x64 = Debug|x64
		Debug|x86 = Debug|x86
		Release|Any CPU = Release|Any CPU
		Release|ARM = Release|ARM
		Release|x64 = Release|x64
		Release|x86 = Release|x86
	EndGlobalSection
	GlobalSection(ProjectConfigurationPlatforms) = postSolution
		{787E1345-6F76-40EB-94F7-CF67693F7FF4}.Debug|Any CPU.ActiveCfg = Debug|Any CPU
		{787E1345-6F76-40EB-94F7-CF67693F7FF4}.Debug|Any CPU.Build.0 = Debug|Any CPU
		{787E1345-6F76-40EB-94F7-CF67693F7FF4}.Debug|ARM.ActiveCfg = Debug|Any CPU
		{787E1345-6F76-40EB-94F7-CF67693F7FF4}.Debug|ARM.Build.0 = Debug|Any CPU
		{787E1345-6F76-40EB-94F7-CF67693F7FF4}.Debug|x64.ActiveCfg = Debug|Any CPU
		{787E1345-6F76-40EB-94F7-CF67693F7FF4}.Debug|x64.Build.0 = Debug|Any CPU
		{787E1345-6F76-40EB-94F7-CF67693F7FF4}.Debug|x86.ActiveCfg = Debug|Any CPU
		{787E1345-6F76-40EB-94F7-CF67693F7FF4}.Debug|x86.Build.0 = Debug|Any CPU
		{787E1345-6F76-40EB-94F7-CF67693F7FF4}.Release|Any CPU.ActiveCfg = Release|Any CPU
		{787E1345-6F76-40EB-94F7-CF67693F7FF4}.Release|Any CPU.Build.0 = Release|Any CPU
		{787E1345-6F76-40EB-94F7-CF67693F7FF4}.Release|ARM.ActiveCfg = Release|Any CPU
		{787E1345-6F76-40EB-94F7-CF67693F7FF4}.Release|ARM.Build.0 = Release|Any CPU
		{787E1345-6F76-40EB-94F7-CF67693F7FF4}.Release|x64.ActiveCfg = Release|Any CPU
		{787E1345-6F76-40EB-94F7-CF67693F7FF4}.Release|x64.Build.0 = Release|Any CPU
		{787E1345-6F76-40EB-94F7-CF67693F7FF4}.Release|x86.ActiveCfg = Release|Any CPU
		{787E1345-6F76-40EB-94F7-CF67693F7FF4}.Release|x86.Build.0 = Release|Any CPU
		{3AD85B21-43FB-4610-8ECC-13C9DA72507D}.Debug|Any CPU.ActiveCfg = Debug|Any CPU
		{3AD85B21-43FB-4610-8ECC-13C9DA72507D}.Debug|Any CPU.Build.0 = Debug|Any CPU
		{3AD85B21-43FB-4610-8ECC-13C9DA72507D}.Debug|ARM.ActiveCfg = Debug|Any CPU
		{3AD85B21-43FB-4610-8ECC-13C9DA72507D}.Debug|ARM.Build.0 = Debug|Any CPU
		{3AD85B21-43FB-4610-8ECC-13C9DA72507D}.Debug|x64.ActiveCfg = Debug|Any CPU
		{3AD85B21-43FB-4610-8ECC-13C9DA72507D}.Debug|x64.Build.0 = Debug|Any CPU
		{3AD85B21-43FB-4610-8ECC-13C9DA72507D}.Debug|x86.ActiveCfg = Debug|Any CPU
		{3AD85B21-43FB-4610-8ECC-13C9DA72507D}.Debug|x86.Build.0 = Debug|Any CPU
		{3AD85B21-43FB-4610-8ECC-13C9DA72507D}.Release|Any CPU.ActiveCfg = Release|Any CPU
		{3AD85B21-43FB-4610-8ECC-13C9DA72507D}.Release|Any CPU.Build.0 = Release|Any CPU
		{3AD85B21-43FB-4610-8ECC-13C9DA72507D}.Release|ARM.ActiveCfg = Release|Any CPU
		{3AD85B21-43FB-4610-8ECC-13C9DA72507D}.Release|ARM.Build.0 = Release|Any CPU
		{3AD85B21-43FB-4610-8ECC-13C9DA72507D}.Release|x64.ActiveCfg = Release|Any CPU
		{3AD85B21-43FB-4610-8ECC-13C9DA72507D}.Release|x64.Build.0 = Release|Any CPU
		{3AD85B21-43FB-4610-8ECC-13C9DA72507D}.Release|x86.ActiveCfg = Release|Any CPU
		{3AD85B21-43FB-4610-8ECC-13C9DA72507D}.Release|x86.Build.0 = Release|Any CPU
		{4F093021-6FD5-4CB3-BFA8-00DA85E6653E}.Debug|Any CPU.ActiveCfg = Debug|Any CPU
		{4F093021-6FD5-4CB3-BFA8-00DA85E6653E}.Debug|Any CPU.Build.0 = Debug|Any CPU
		{4F093021-6FD5-4CB3-BFA8-00DA85E6653E}.Debug|ARM.ActiveCfg = Debug|Any CPU
		{4F093021-6FD5-4CB3-BFA8-00DA85E6653E}.Debug|ARM.Build.0 = Debug|Any CPU
		{4F093021-6FD5-4CB3-BFA8-00DA85E6653E}.Debug|x64.ActiveCfg = Debug|Any CPU
		{4F093021-6FD5-4CB3-BFA8-00DA85E6653E}.Debug|x64.Build.0 = Debug|Any CPU
		{4F093021-6FD5-4CB3-BFA8-00DA85E6653E}.Debug|x86.ActiveCfg = Debug|Any CPU
		{4F093021-6FD5-4CB3-BFA8-00DA85E6653E}.Debug|x86.Build.0 = Debug|Any CPU
		{4F093021-6FD5-4CB3-BFA8-00DA85E6653E}.Release|Any CPU.ActiveCfg = Release|Any CPU
		{4F093021-6FD5-4CB3-BFA8-00DA85E6653E}.Release|Any CPU.Build.0 = Release|Any CPU
		{4F093021-6FD5-4CB3-BFA8-00DA85E6653E}.Release|ARM.ActiveCfg = Release|Any CPU
		{4F093021-6FD5-4CB3-BFA8-00DA85E6653E}.Release|ARM.Build.0 = Release|Any CPU
		{4F093021-6FD5-4CB3-BFA8-00DA85E6653E}.Release|x64.ActiveCfg = Release|Any CPU
		{4F093021-6FD5-4CB3-BFA8-00DA85E6653E}.Release|x64.Build.0 = Release|Any CPU
		{4F093021-6FD5-4CB3-BFA8-00DA85E6653E}.Release|x86.ActiveCfg = Release|Any CPU
		{4F093021-6FD5-4CB3-BFA8-00DA85E6653E}.Release|x86.Build.0 = Release|Any CPU
		{7B13FBB0-C2BD-433C-A3E7-719F001E0A95}.Debug|Any CPU.ActiveCfg = Debug|Any CPU
		{7B13FBB0-C2BD-433C-A3E7-719F001E0A95}.Debug|Any CPU.Build.0 = Debug|Any CPU
		{7B13FBB0-C2BD-433C-A3E7-719F001E0A95}.Debug|ARM.ActiveCfg = Debug|Any CPU
		{7B13FBB0-C2BD-433C-A3E7-719F001E0A95}.Debug|ARM.Build.0 = Debug|Any CPU
		{7B13FBB0-C2BD-433C-A3E7-719F001E0A95}.Debug|x64.ActiveCfg = Debug|Any CPU
		{7B13FBB0-C2BD-433C-A3E7-719F001E0A95}.Debug|x64.Build.0 = Debug|Any CPU
		{7B13FBB0-C2BD-433C-A3E7-719F001E0A95}.Debug|x86.ActiveCfg = Debug|Any CPU
		{7B13FBB0-C2BD-433C-A3E7-719F001E0A95}.Debug|x86.Build.0 = Debug|Any CPU
		{7B13FBB0-C2BD-433C-A3E7-719F001E0A95}.Release|Any CPU.ActiveCfg = Release|Any CPU
		{7B13FBB0-C2BD-433C-A3E7-719F001E0A95}.Release|Any CPU.Build.0 = Release|Any CPU
		{7B13FBB0-C2BD-433C-A3E7-719F001E0A95}.Release|ARM.ActiveCfg = Release|Any CPU
		{7B13FBB0-C2BD-433C-A3E7-719F001E0A95}.Release|ARM.Build.0 = Release|Any CPU
		{7B13FBB0-C2BD-433C-A3E7-719F001E0A95}.Release|x64.ActiveCfg = Release|Any CPU
		{7B13FBB0-C2BD-433C-A3E7-719F001E0A95}.Release|x64.Build.0 = Release|Any CPU
		{7B13FBB0-C2BD-433C-A3E7-719F001E0A95}.Release|x86.ActiveCfg = Release|Any CPU
		{7B13FBB0-C2BD-433C-A3E7-719F001E0A95}.Release|x86.Build.0 = Release|Any CPU
		{51EF3962-4277-4F56-9BEB-AE7FEED6758C}.Debug|Any CPU.ActiveCfg = Debug|Any CPU
		{51EF3962-4277-4F56-9BEB-AE7FEED6758C}.Debug|Any CPU.Build.0 = Debug|Any CPU
		{51EF3962-4277-4F56-9BEB-AE7FEED6758C}.Debug|ARM.ActiveCfg = Debug|Any CPU
		{51EF3962-4277-4F56-9BEB-AE7FEED6758C}.Debug|ARM.Build.0 = Debug|Any CPU
		{51EF3962-4277-4F56-9BEB-AE7FEED6758C}.Debug|x64.ActiveCfg = Debug|Any CPU
		{51EF3962-4277-4F56-9BEB-AE7FEED6758C}.Debug|x64.Build.0 = Debug|Any CPU
		{51EF3962-4277-4F56-9BEB-AE7FEED6758C}.Debug|x86.ActiveCfg = Debug|Any CPU
		{51EF3962-4277-4F56-9BEB-AE7FEED6758C}.Debug|x86.Build.0 = Debug|Any CPU
		{51EF3962-4277-4F56-9BEB-AE7FEED6758C}.Release|Any CPU.ActiveCfg = Release|Any CPU
		{51EF3962-4277-4F56-9BEB-AE7FEED6758C}.Release|Any CPU.Build.0 = Release|Any CPU
		{51EF3962-4277-4F56-9BEB-AE7FEED6758C}.Release|ARM.ActiveCfg = Release|Any CPU
		{51EF3962-4277-4F56-9BEB-AE7FEED6758C}.Release|ARM.Build.0 = Release|Any CPU
		{51EF3962-4277-4F56-9BEB-AE7FEED6758C}.Release|x64.ActiveCfg = Release|Any CPU
		{51EF3962-4277-4F56-9BEB-AE7FEED6758C}.Release|x64.Build.0 = Release|Any CPU
		{51EF3962-4277-4F56-9BEB-AE7FEED6758C}.Release|x86.ActiveCfg = Release|Any CPU
		{51EF3962-4277-4F56-9BEB-AE7FEED6758C}.Release|x86.Build.0 = Release|Any CPU
		{3D7029D6-A4ED-4163-9C48-027D58C2475C}.Debug|Any CPU.ActiveCfg = Debug|Any CPU
		{3D7029D6-A4ED-4163-9C48-027D58C2475C}.Debug|Any CPU.Build.0 = Debug|Any CPU
		{3D7029D6-A4ED-4163-9C48-027D58C2475C}.Debug|ARM.ActiveCfg = Debug|Any CPU
		{3D7029D6-A4ED-4163-9C48-027D58C2475C}.Debug|ARM.Build.0 = Debug|Any CPU
		{3D7029D6-A4ED-4163-9C48-027D58C2475C}.Debug|x64.ActiveCfg = Debug|Any CPU
		{3D7029D6-A4ED-4163-9C48-027D58C2475C}.Debug|x64.Build.0 = Debug|Any CPU
		{3D7029D6-A4ED-4163-9C48-027D58C2475C}.Debug|x86.ActiveCfg = Debug|Any CPU
		{3D7029D6-A4ED-4163-9C48-027D58C2475C}.Debug|x86.Build.0 = Debug|Any CPU
		{3D7029D6-A4ED-4163-9C48-027D58C2475C}.Release|Any CPU.ActiveCfg = Release|Any CPU
		{3D7029D6-A4ED-4163-9C48-027D58C2475C}.Release|Any CPU.Build.0 = Release|Any CPU
		{3D7029D6-A4ED-4163-9C48-027D58C2475C}.Release|ARM.ActiveCfg = Release|Any CPU
		{3D7029D6-A4ED-4163-9C48-027D58C2475C}.Release|ARM.Build.0 = Release|Any CPU
		{3D7029D6-A4ED-4163-9C48-027D58C2475C}.Release|x64.ActiveCfg = Release|Any CPU
		{3D7029D6-A4ED-4163-9C48-027D58C2475C}.Release|x64.Build.0 = Release|Any CPU
		{3D7029D6-A4ED-4163-9C48-027D58C2475C}.Release|x86.ActiveCfg = Release|Any CPU
		{3D7029D6-A4ED-4163-9C48-027D58C2475C}.Release|x86.Build.0 = Release|Any CPU
		{E1BD4360-1F27-4E2D-AA3C-655467FCE5F0}.Debug|Any CPU.ActiveCfg = Debug|x86
		{E1BD4360-1F27-4E2D-AA3C-655467FCE5F0}.Debug|Any CPU.Build.0 = Debug|x86
		{E1BD4360-1F27-4E2D-AA3C-655467FCE5F0}.Debug|Any CPU.Deploy.0 = Debug|x86
		{E1BD4360-1F27-4E2D-AA3C-655467FCE5F0}.Debug|ARM.ActiveCfg = Debug|ARM
		{E1BD4360-1F27-4E2D-AA3C-655467FCE5F0}.Debug|ARM.Build.0 = Debug|ARM
		{E1BD4360-1F27-4E2D-AA3C-655467FCE5F0}.Debug|ARM.Deploy.0 = Debug|ARM
		{E1BD4360-1F27-4E2D-AA3C-655467FCE5F0}.Debug|x64.ActiveCfg = Debug|x64
		{E1BD4360-1F27-4E2D-AA3C-655467FCE5F0}.Debug|x64.Build.0 = Debug|x64
		{E1BD4360-1F27-4E2D-AA3C-655467FCE5F0}.Debug|x64.Deploy.0 = Debug|x64
		{E1BD4360-1F27-4E2D-AA3C-655467FCE5F0}.Debug|x86.ActiveCfg = Debug|x86
		{E1BD4360-1F27-4E2D-AA3C-655467FCE5F0}.Debug|x86.Build.0 = Debug|x86
		{E1BD4360-1F27-4E2D-AA3C-655467FCE5F0}.Debug|x86.Deploy.0 = Debug|x86
		{E1BD4360-1F27-4E2D-AA3C-655467FCE5F0}.Release|Any CPU.ActiveCfg = Release|x86
		{E1BD4360-1F27-4E2D-AA3C-655467FCE5F0}.Release|ARM.ActiveCfg = Release|ARM
		{E1BD4360-1F27-4E2D-AA3C-655467FCE5F0}.Release|ARM.Build.0 = Release|ARM
		{E1BD4360-1F27-4E2D-AA3C-655467FCE5F0}.Release|ARM.Deploy.0 = Release|ARM
		{E1BD4360-1F27-4E2D-AA3C-655467FCE5F0}.Release|x64.ActiveCfg = Release|x64
		{E1BD4360-1F27-4E2D-AA3C-655467FCE5F0}.Release|x64.Build.0 = Release|x64
		{E1BD4360-1F27-4E2D-AA3C-655467FCE5F0}.Release|x64.Deploy.0 = Release|x64
		{E1BD4360-1F27-4E2D-AA3C-655467FCE5F0}.Release|x86.ActiveCfg = Release|x86
		{E1BD4360-1F27-4E2D-AA3C-655467FCE5F0}.Release|x86.Build.0 = Release|x86
		{E1BD4360-1F27-4E2D-AA3C-655467FCE5F0}.Release|x86.Deploy.0 = Release|x86
		{C8D48F05-3243-4183-BB9F-4C5BB79D01D0}.Debug|Any CPU.ActiveCfg = Debug|Any CPU
		{C8D48F05-3243-4183-BB9F-4C5BB79D01D0}.Debug|Any CPU.Build.0 = Debug|Any CPU
		{C8D48F05-3243-4183-BB9F-4C5BB79D01D0}.Debug|ARM.ActiveCfg = Debug|ARM
		{C8D48F05-3243-4183-BB9F-4C5BB79D01D0}.Debug|ARM.Build.0 = Debug|ARM
		{C8D48F05-3243-4183-BB9F-4C5BB79D01D0}.Debug|x64.ActiveCfg = Debug|x64
		{C8D48F05-3243-4183-BB9F-4C5BB79D01D0}.Debug|x64.Build.0 = Debug|x64
		{C8D48F05-3243-4183-BB9F-4C5BB79D01D0}.Debug|x86.ActiveCfg = Debug|x86
		{C8D48F05-3243-4183-BB9F-4C5BB79D01D0}.Debug|x86.Build.0 = Debug|x86
		{C8D48F05-3243-4183-BB9F-4C5BB79D01D0}.Release|Any CPU.ActiveCfg = Release|Any CPU
		{C8D48F05-3243-4183-BB9F-4C5BB79D01D0}.Release|Any CPU.Build.0 = Release|Any CPU
		{C8D48F05-3243-4183-BB9F-4C5BB79D01D0}.Release|ARM.ActiveCfg = Release|ARM
		{C8D48F05-3243-4183-BB9F-4C5BB79D01D0}.Release|ARM.Build.0 = Release|ARM
		{C8D48F05-3243-4183-BB9F-4C5BB79D01D0}.Release|x64.ActiveCfg = Release|x64
		{C8D48F05-3243-4183-BB9F-4C5BB79D01D0}.Release|x64.Build.0 = Release|x64
		{C8D48F05-3243-4183-BB9F-4C5BB79D01D0}.Release|x86.ActiveCfg = Release|x86
		{C8D48F05-3243-4183-BB9F-4C5BB79D01D0}.Release|x86.Build.0 = Release|x86
		{C21EA8EB-5936-4602-800E-932E62AF56C2}.Debug|Any CPU.ActiveCfg = Debug|Any CPU
		{C21EA8EB-5936-4602-800E-932E62AF56C2}.Debug|Any CPU.Build.0 = Debug|Any CPU
		{C21EA8EB-5936-4602-800E-932E62AF56C2}.Debug|ARM.ActiveCfg = Debug|Any CPU
		{C21EA8EB-5936-4602-800E-932E62AF56C2}.Debug|ARM.Build.0 = Debug|Any CPU
		{C21EA8EB-5936-4602-800E-932E62AF56C2}.Debug|x64.ActiveCfg = Debug|Any CPU
		{C21EA8EB-5936-4602-800E-932E62AF56C2}.Debug|x64.Build.0 = Debug|Any CPU
		{C21EA8EB-5936-4602-800E-932E62AF56C2}.Debug|x86.ActiveCfg = Debug|Any CPU
		{C21EA8EB-5936-4602-800E-932E62AF56C2}.Debug|x86.Build.0 = Debug|Any CPU
		{C21EA8EB-5936-4602-800E-932E62AF56C2}.Release|Any CPU.ActiveCfg = Release|Any CPU
		{C21EA8EB-5936-4602-800E-932E62AF56C2}.Release|Any CPU.Build.0 = Release|Any CPU
		{C21EA8EB-5936-4602-800E-932E62AF56C2}.Release|ARM.ActiveCfg = Release|Any CPU
		{C21EA8EB-5936-4602-800E-932E62AF56C2}.Release|ARM.Build.0 = Release|Any CPU
		{C21EA8EB-5936-4602-800E-932E62AF56C2}.Release|x64.ActiveCfg = Release|Any CPU
		{C21EA8EB-5936-4602-800E-932E62AF56C2}.Release|x64.Build.0 = Release|Any CPU
		{C21EA8EB-5936-4602-800E-932E62AF56C2}.Release|x86.ActiveCfg = Release|Any CPU
		{C21EA8EB-5936-4602-800E-932E62AF56C2}.Release|x86.Build.0 = Release|Any CPU
		{C2927AB8-7313-4823-8727-52F2B96B90D4}.Debug|Any CPU.ActiveCfg = Debug|Any CPU
		{C2927AB8-7313-4823-8727-52F2B96B90D4}.Debug|Any CPU.Build.0 = Debug|Any CPU
		{C2927AB8-7313-4823-8727-52F2B96B90D4}.Debug|ARM.ActiveCfg = Debug|Any CPU
		{C2927AB8-7313-4823-8727-52F2B96B90D4}.Debug|ARM.Build.0 = Debug|Any CPU
		{C2927AB8-7313-4823-8727-52F2B96B90D4}.Debug|x64.ActiveCfg = Debug|Any CPU
		{C2927AB8-7313-4823-8727-52F2B96B90D4}.Debug|x64.Build.0 = Debug|Any CPU
		{C2927AB8-7313-4823-8727-52F2B96B90D4}.Debug|x86.ActiveCfg = Debug|Any CPU
		{C2927AB8-7313-4823-8727-52F2B96B90D4}.Debug|x86.Build.0 = Debug|Any CPU
		{C2927AB8-7313-4823-8727-52F2B96B90D4}.Release|Any CPU.ActiveCfg = Release|Any CPU
		{C2927AB8-7313-4823-8727-52F2B96B90D4}.Release|Any CPU.Build.0 = Release|Any CPU
		{C2927AB8-7313-4823-8727-52F2B96B90D4}.Release|ARM.ActiveCfg = Release|Any CPU
		{C2927AB8-7313-4823-8727-52F2B96B90D4}.Release|ARM.Build.0 = Release|Any CPU
		{C2927AB8-7313-4823-8727-52F2B96B90D4}.Release|x64.ActiveCfg = Release|Any CPU
		{C2927AB8-7313-4823-8727-52F2B96B90D4}.Release|x64.Build.0 = Release|Any CPU
		{C2927AB8-7313-4823-8727-52F2B96B90D4}.Release|x86.ActiveCfg = Release|Any CPU
		{C2927AB8-7313-4823-8727-52F2B96B90D4}.Release|x86.Build.0 = Release|Any CPU
		{D603C51D-547A-4C33-B882-063A404653A4}.Debug|Any CPU.ActiveCfg = Debug|x86
		{D603C51D-547A-4C33-B882-063A404653A4}.Debug|Any CPU.Build.0 = Debug|x86
		{D603C51D-547A-4C33-B882-063A404653A4}.Debug|Any CPU.Deploy.0 = Debug|x86
		{D603C51D-547A-4C33-B882-063A404653A4}.Debug|ARM.ActiveCfg = Debug|ARM
		{D603C51D-547A-4C33-B882-063A404653A4}.Debug|ARM.Build.0 = Debug|ARM
		{D603C51D-547A-4C33-B882-063A404653A4}.Debug|ARM.Deploy.0 = Debug|ARM
		{D603C51D-547A-4C33-B882-063A404653A4}.Debug|x64.ActiveCfg = Debug|x64
		{D603C51D-547A-4C33-B882-063A404653A4}.Debug|x64.Build.0 = Debug|x64
		{D603C51D-547A-4C33-B882-063A404653A4}.Debug|x64.Deploy.0 = Debug|x64
		{D603C51D-547A-4C33-B882-063A404653A4}.Debug|x86.ActiveCfg = Debug|x86
		{D603C51D-547A-4C33-B882-063A404653A4}.Debug|x86.Build.0 = Debug|x86
		{D603C51D-547A-4C33-B882-063A404653A4}.Debug|x86.Deploy.0 = Debug|x86
		{D603C51D-547A-4C33-B882-063A404653A4}.Release|Any CPU.ActiveCfg = Release|x86
		{D603C51D-547A-4C33-B882-063A404653A4}.Release|ARM.ActiveCfg = Release|ARM
		{D603C51D-547A-4C33-B882-063A404653A4}.Release|ARM.Build.0 = Release|ARM
		{D603C51D-547A-4C33-B882-063A404653A4}.Release|ARM.Deploy.0 = Release|ARM
		{D603C51D-547A-4C33-B882-063A404653A4}.Release|x64.ActiveCfg = Release|x64
		{D603C51D-547A-4C33-B882-063A404653A4}.Release|x64.Build.0 = Release|x64
		{D603C51D-547A-4C33-B882-063A404653A4}.Release|x64.Deploy.0 = Release|x64
		{D603C51D-547A-4C33-B882-063A404653A4}.Release|x86.ActiveCfg = Release|x86
		{D603C51D-547A-4C33-B882-063A404653A4}.Release|x86.Build.0 = Release|x86
		{D603C51D-547A-4C33-B882-063A404653A4}.Release|x86.Deploy.0 = Release|x86
		{13C8BAA3-0A80-4F15-A66C-2CE8C940D647}.Debug|Any CPU.ActiveCfg = Debug|Any CPU
		{13C8BAA3-0A80-4F15-A66C-2CE8C940D647}.Debug|Any CPU.Build.0 = Debug|Any CPU
		{13C8BAA3-0A80-4F15-A66C-2CE8C940D647}.Debug|ARM.ActiveCfg = Debug|ARM
		{13C8BAA3-0A80-4F15-A66C-2CE8C940D647}.Debug|ARM.Build.0 = Debug|ARM
		{13C8BAA3-0A80-4F15-A66C-2CE8C940D647}.Debug|x64.ActiveCfg = Debug|x64
		{13C8BAA3-0A80-4F15-A66C-2CE8C940D647}.Debug|x64.Build.0 = Debug|x64
		{13C8BAA3-0A80-4F15-A66C-2CE8C940D647}.Debug|x86.ActiveCfg = Debug|x86
		{13C8BAA3-0A80-4F15-A66C-2CE8C940D647}.Debug|x86.Build.0 = Debug|x86
		{13C8BAA3-0A80-4F15-A66C-2CE8C940D647}.Release|Any CPU.ActiveCfg = Release|Any CPU
		{13C8BAA3-0A80-4F15-A66C-2CE8C940D647}.Release|Any CPU.Build.0 = Release|Any CPU
		{13C8BAA3-0A80-4F15-A66C-2CE8C940D647}.Release|ARM.ActiveCfg = Release|ARM
		{13C8BAA3-0A80-4F15-A66C-2CE8C940D647}.Release|ARM.Build.0 = Release|ARM
		{13C8BAA3-0A80-4F15-A66C-2CE8C940D647}.Release|x64.ActiveCfg = Release|x64
		{13C8BAA3-0A80-4F15-A66C-2CE8C940D647}.Release|x64.Build.0 = Release|x64
		{13C8BAA3-0A80-4F15-A66C-2CE8C940D647}.Release|x86.ActiveCfg = Release|x86
		{13C8BAA3-0A80-4F15-A66C-2CE8C940D647}.Release|x86.Build.0 = Release|x86
	EndGlobalSection
	GlobalSection(SolutionProperties) = preSolution
		HideSolutionNode = FALSE
	EndGlobalSection
	GlobalSection(ExtensibilityGlobals) = postSolution
		SolutionGuid = {1C4D348E-FB01-4599-BE07-31342C509E32}
	EndGlobalSection
EndGlobal
